
Microsoft Visual Studio Solution File, Format Version 12.00
# Visual Studio Version 17
VisualStudioVersion = 17.5.33516.290
MinimumVisualStudioVersion = 10.0.40219.1
Project("{9A19103F-16F7-4668-BE54-9A1E7A4F7556}") = "PNMTD", "PNMTD\PNMTD.csproj", "{47259D8A-EEA1-4615-B046-E3FC7BDC9F47}"
EndProject
Project("{FAE04EC0-301F-11D3-BF4B-00C04F79EFBC}") = "PNMTD.Tests", "PNMTD.Tests\PNMTD.Tests.csproj", "{2D936C91-A7B8-420A-9EF8-966CBC2E9970}"
EndProject
Global
	GlobalSection(SolutionConfigurationPlatforms) = preSolution
		Debug|Any CPU = Debug|Any CPU
		Release|Any CPU = Release|Any CPU
	EndGlobalSection
	GlobalSection(ProjectConfigurationPlatforms) = postSolution
		{47259D8A-EEA1-4615-B046-E3FC7BDC9F47}.Debug|Any CPU.ActiveCfg = Debug|Any CPU
		{47259D8A-EEA1-4615-B046-E3FC7BDC9F47}.Debug|Any CPU.Build.0 = Debug|Any CPU
		{47259D8A-EEA1-4615-B046-E3FC7BDC9F47}.Release|Any CPU.ActiveCfg = Release|Any CPU
		{47259D8A-EEA1-4615-B046-E3FC7BDC9F47}.Release|Any CPU.Build.0 = Release|Any CPU
		{2D936C91-A7B8-420A-9EF8-966CBC2E9970}.Debug|Any CPU.ActiveCfg = Debug|Any CPU
		{2D936C91-A7B8-420A-9EF8-966CBC2E9970}.Debug|Any CPU.Build.0 = Debug|Any CPU
		{2D936C91-A7B8-420A-9EF8-966CBC2E9970}.Release|Any CPU.ActiveCfg = Release|Any CPU
		{2D936C91-A7B8-420A-9EF8-966CBC2E9970}.Release|Any CPU.Build.0 = Release|Any CPU
	EndGlobalSection
	GlobalSection(SolutionProperties) = preSolution
		HideSolutionNode = FALSE
	EndGlobalSection
	GlobalSection(ExtensibilityGlobals) = postSolution
		SolutionGuid = {9D789D38-76F4-4A78-A37B-D814132126A3}
	EndGlobalSection
EndGlobal
